
Microsoft Visual Studio Solution File, Format Version 12.00
# Visual Studio 15
VisualStudioVersion = 15.0.28010.2046
MinimumVisualStudioVersion = 10.0.40219.1
Project("{9A19103F-16F7-4668-BE54-9A1E7A4F7556}") = "Anonymizer", "Anonymizer\Anonymizer.csproj", "{49000BAE-77ED-46A6-B4F1-3C40E1ADB525}"
EndProject
Project("{9A19103F-16F7-4668-BE54-9A1E7A4F7556}") = "Anonymizer.Tests", "Anonymizer.Tests\Anonymizer.Tests.csproj", "{A9A4DC34-C6F6-4098-BD88-43425D9DB875}"
EndProject
Global
	GlobalSection(SolutionConfigurationPlatforms) = preSolution
		Debug|Any CPU = Debug|Any CPU
		Release|Any CPU = Release|Any CPU
	EndGlobalSection
	GlobalSection(ProjectConfigurationPlatforms) = postSolution
		{49000BAE-77ED-46A6-B4F1-3C40E1ADB525}.Debug|Any CPU.ActiveCfg = Debug|Any CPU
		{49000BAE-77ED-46A6-B4F1-3C40E1ADB525}.Debug|Any CPU.Build.0 = Debug|Any CPU
		{49000BAE-77ED-46A6-B4F1-3C40E1ADB525}.Release|Any CPU.ActiveCfg = Release|Any CPU
		{49000BAE-77ED-46A6-B4F1-3C40E1ADB525}.Release|Any CPU.Build.0 = Release|Any CPU
		{A9A4DC34-C6F6-4098-BD88-43425D9DB875}.Debug|Any CPU.ActiveCfg = Debug|Any CPU
		{A9A4DC34-C6F6-4098-BD88-43425D9DB875}.Debug|Any CPU.Build.0 = Debug|Any CPU
		{A9A4DC34-C6F6-4098-BD88-43425D9DB875}.Release|Any CPU.ActiveCfg = Release|Any CPU
		{A9A4DC34-C6F6-4098-BD88-43425D9DB875}.Release|Any CPU.Build.0 = Release|Any CPU
	EndGlobalSection
	GlobalSection(SolutionProperties) = preSolution
		HideSolutionNode = FALSE
	EndGlobalSection
	GlobalSection(ExtensibilityGlobals) = postSolution
		SolutionGuid = {F082EDFC-7A5B-4ED5-A759-7D84B40CB2DE}
	EndGlobalSection
EndGlobal
